
Microsoft Visual Studio Solution File, Format Version 12.00
# Visual Studio Version 16
VisualStudioVersion = 16.0.30621.155
MinimumVisualStudioVersion = 10.0.40219.1
Project("{FAE04EC0-301F-11D3-BF4B-00C04F79EFBC}") = "Do_An_New", "Do_An_New\Do_An_New.csproj", "{69B39CD8-23B6-424D-80DD-D8EEC8DAF7C9}"
EndProject
Global
	GlobalSection(SolutionConfigurationPlatforms) = preSolution
		Debug|Any CPU = Debug|Any CPU
		Release|Any CPU = Release|Any CPU
	EndGlobalSection
	GlobalSection(ProjectConfigurationPlatforms) = postSolution
		{69B39CD8-23B6-424D-80DD-D8EEC8DAF7C9}.Debug|Any CPU.ActiveCfg = Debug|Any CPU
		{69B39CD8-23B6-424D-80DD-D8EEC8DAF7C9}.Debug|Any CPU.Build.0 = Debug|Any CPU
		{69B39CD8-23B6-424D-80DD-D8EEC8DAF7C9}.Release|Any CPU.ActiveCfg = Release|Any CPU
		{69B39CD8-23B6-424D-80DD-D8EEC8DAF7C9}.Release|Any CPU.Build.0 = Release|Any CPU
	EndGlobalSection
	GlobalSection(SolutionProperties) = preSolution
		HideSolutionNode = FALSE
	EndGlobalSection
	GlobalSection(ExtensibilityGlobals) = postSolution
		SolutionGuid = {A0E21CC7-42F8-4102-A711-3CA45C79F0EE}
	EndGlobalSection
EndGlobal
