
Microsoft Visual Studio Solution File, Format Version 12.00
# Visual Studio Version 16
VisualStudioVersion = 16.0.30621.155
MinimumVisualStudioVersion = 10.0.40219.1
Project("{FAE04EC0-301F-11D3-BF4B-00C04F79EFBC}") = "CrossFire_windowsForm", "CrossFire_windowsForm\CrossFire_windowsForm.csproj", "{974247CD-9B20-4173-B676-9C1590B4E48D}"
EndProject
Global
	GlobalSection(SolutionConfigurationPlatforms) = preSolution
		Debug|Any CPU = Debug|Any CPU
		Release|Any CPU = Release|Any CPU
	EndGlobalSection
	GlobalSection(ProjectConfigurationPlatforms) = postSolution
		{974247CD-9B20-4173-B676-9C1590B4E48D}.Debug|Any CPU.ActiveCfg = Debug|Any CPU
		{974247CD-9B20-4173-B676-9C1590B4E48D}.Debug|Any CPU.Build.0 = Debug|Any CPU
		{974247CD-9B20-4173-B676-9C1590B4E48D}.Release|Any CPU.ActiveCfg = Release|Any CPU
		{974247CD-9B20-4173-B676-9C1590B4E48D}.Release|Any CPU.Build.0 = Release|Any CPU
	EndGlobalSection
	GlobalSection(SolutionProperties) = preSolution
		HideSolutionNode = FALSE
	EndGlobalSection
	GlobalSection(ExtensibilityGlobals) = postSolution
		SolutionGuid = {36702AC4-4503-40FE-8DC2-909DE060D5CB}
	EndGlobalSection
EndGlobal
